// !$*UTF8*$!
{
	archiveVersion = 1;
	classes = {
	};
	objectVersion = 46;
	objects = {

/* Begin PBXBuildFile section */
		4C3923D7BA06B0C10162203D /* libPods-VVHelperKit.a in Frameworks */ = {isa = PBXBuildFile; fileRef = 8495828CB5C370854B2F2EDF /* libPods-VVHelperKit.a */; };
		A0BF487D1DDD777A00934983 /* main.m in Sources */ = {isa = PBXBuildFile; fileRef = A0BF487C1DDD777A00934983 /* main.m */; };
		A0BF48801DDD777A00934983 /* AppDelegate.m in Sources */ = {isa = PBXBuildFile; fileRef = A0BF487F1DDD777A00934983 /* AppDelegate.m */; };
		A0BF48831DDD777A00934983 /* ViewController.m in Sources */ = {isa = PBXBuildFile; fileRef = A0BF48821DDD777A00934983 /* ViewController.m */; };
		A0BF48861DDD777A00934983 /* Main.storyboard in Resources */ = {isa = PBXBuildFile; fileRef = A0BF48841DDD777A00934983 /* Main.storyboard */; };
		A0BF48881DDD777A00934983 /* Assets.xcassets in Resources */ = {isa = PBXBuildFile; fileRef = A0BF48871DDD777A00934983 /* Assets.xcassets */; };
		A0BF488B1DDD777A00934983 /* LaunchScreen.storyboard in Resources */ = {isa = PBXBuildFile; fileRef = A0BF48891DDD777A00934983 /* LaunchScreen.storyboard */; };
		A0BF48981DDD79BE00934983 /* VVCommonKit.m in Sources */ = {isa = PBXBuildFile; fileRef = A0BF48971DDD79BE00934983 /* VVCommonKit.m */; };
		A0BF48A91DDDABF400934983 /* OperaationViewController.m in Sources */ = {isa = PBXBuildFile; fileRef = A0BF48A71DDDABF400934983 /* OperaationViewController.m */; };
		A0BF48AA1DDDABF400934983 /* OperaationViewController.xib in Resources */ = {isa = PBXBuildFile; fileRef = A0BF48A81DDDABF400934983 /* OperaationViewController.xib */; };
		A0BF48AE1DDDAC1A00934983 /* GCDViewController.m in Sources */ = {isa = PBXBuildFile; fileRef = A0BF48AC1DDDAC1A00934983 /* GCDViewController.m */; };
		A0BF48AF1DDDAC1A00934983 /* GCDViewController.xib in Resources */ = {isa = PBXBuildFile; fileRef = A0BF48AD1DDDAC1A00934983 /* GCDViewController.xib */; };
/* End PBXBuildFile section */

/* Begin PBXFileReference section */
		309DBF5DBAEF71C435969AA9 /* Pods-VVHelperKit.release.xcconfig */ = {isa = PBXFileReference; includeInIndex = 1; lastKnownFileType = text.xcconfig; name = "Pods-VVHelperKit.release.xcconfig"; path = "Pods/Target Support Files/Pods-VVHelperKit/Pods-VVHelperKit.release.xcconfig"; sourceTree = "<group>"; };
		8495828CB5C370854B2F2EDF /* libPods-VVHelperKit.a */ = {isa = PBXFileReference; explicitFileType = archive.ar; includeInIndex = 0; path = "libPods-VVHelperKit.a"; sourceTree = BUILT_PRODUCTS_DIR; };
		96AA388A2A55E274CCB23400 /* Pods-VVHelperKit.debug.xcconfig */ = {isa = PBXFileReference; includeInIndex = 1; lastKnownFileType = text.xcconfig; name = "Pods-VVHelperKit.debug.xcconfig"; path = "Pods/Target Support Files/Pods-VVHelperKit/Pods-VVHelperKit.debug.xcconfig"; sourceTree = "<group>"; };
		A0BF48781DDD777A00934983 /* VVHelperKit.app */ = {isa = PBXFileReference; explicitFileType = wrapper.application; includeInIndex = 0; path = VVHelperKit.app; sourceTree = BUILT_PRODUCTS_DIR; };
		A0BF487C1DDD777A00934983 /* main.m */ = {isa = PBXFileReference; lastKnownFileType = sourcecode.c.objc; path = main.m; sourceTree = "<group>"; };
		A0BF487E1DDD777A00934983 /* AppDelegate.h */ = {isa = PBXFileReference; lastKnownFileType = sourcecode.c.h; path = AppDelegate.h; sourceTree = "<group>"; };
		A0BF487F1DDD777A00934983 /* AppDelegate.m */ = {isa = PBXFileReference; lastKnownFileType = sourcecode.c.objc; path = AppDelegate.m; sourceTree = "<group>"; };
		A0BF48811DDD777A00934983 /* ViewController.h */ = {isa = PBXFileReference; lastKnownFileType = sourcecode.c.h; path = ViewController.h; sourceTree = "<group>"; };
		A0BF48821DDD777A00934983 /* ViewController.m */ = {isa = PBXFileReference; lastKnownFileType = sourcecode.c.objc; path = ViewController.m; sourceTree = "<group>"; };
		A0BF48851DDD777A00934983 /* Base */ = {isa = PBXFileReference; lastKnownFileType = file.storyboard; name = Base; path = Base.lproj/Main.storyboard; sourceTree = "<group>"; };
		A0BF48871DDD777A00934983 /* Assets.xcassets */ = {isa = PBXFileReference; lastKnownFileType = folder.assetcatalog; path = Assets.xcassets; sourceTree = "<group>"; };
		A0BF488A1DDD777A00934983 /* Base */ = {isa = PBXFileReference; lastKnownFileType = file.storyboard; name = Base; path = Base.lproj/LaunchScreen.storyboard; sourceTree = "<group>"; };
		A0BF488C1DDD777A00934983 /* Info.plist */ = {isa = PBXFileReference; lastKnownFileType = text.plist.xml; path = Info.plist; sourceTree = "<group>"; };
		A0BF48961DDD79BE00934983 /* VVCommonKit.h */ = {isa = PBXFileReference; fileEncoding = 4; lastKnownFileType = sourcecode.c.h; path = VVCommonKit.h; sourceTree = "<group>"; };
		A0BF48971DDD79BE00934983 /* VVCommonKit.m */ = {isa = PBXFileReference; fileEncoding = 4; lastKnownFileType = sourcecode.c.objc; path = VVCommonKit.m; sourceTree = "<group>"; };
		A0BF48A11DDD8A1E00934983 /* VVHelperKit.h */ = {isa = PBXFileReference; fileEncoding = 4; lastKnownFileType = sourcecode.c.h; name = VVHelperKit.h; path = ../../VVHelperKit.h; sourceTree = "<group>"; };
		A0BF48A61DDDABF400934983 /* OperaationViewController.h */ = {isa = PBXFileReference; fileEncoding = 4; lastKnownFileType = sourcecode.c.h; path = OperaationViewController.h; sourceTree = "<group>"; };
		A0BF48A71DDDABF400934983 /* OperaationViewController.m */ = {isa = PBXFileReference; fileEncoding = 4; lastKnownFileType = sourcecode.c.objc; path = OperaationViewController.m; sourceTree = "<group>"; };
		A0BF48A81DDDABF400934983 /* OperaationViewController.xib */ = {isa = PBXFileReference; fileEncoding = 4; lastKnownFileType = file.xib; path = OperaationViewController.xib; sourceTree = "<group>"; };
		A0BF48AB1DDDAC1A00934983 /* GCDViewController.h */ = {isa = PBXFileReference; fileEncoding = 4; lastKnownFileType = sourcecode.c.h; path = GCDViewController.h; sourceTree = "<group>"; };
		A0BF48AC1DDDAC1A00934983 /* GCDViewController.m */ = {isa = PBXFileReference; fileEncoding = 4; lastKnownFileType = sourcecode.c.objc; path = GCDViewController.m; sourceTree = "<group>"; };
		A0BF48AD1DDDAC1A00934983 /* GCDViewController.xib */ = {isa = PBXFileReference; fileEncoding = 4; lastKnownFileType = file.xib; path = GCDViewController.xib; sourceTree = "<group>"; };
/* End PBXFileReference section */

/* Begin PBXFrameworksBuildPhase section */
		A0BF48751DDD777A00934983 /* Frameworks */ = {
			isa = PBXFrameworksBuildPhase;
			buildActionMask = 2147483647;
			files = (
				4C3923D7BA06B0C10162203D /* libPods-VVHelperKit.a in Frameworks */,
			);
			runOnlyForDeploymentPostprocessing = 0;
		};
/* End PBXFrameworksBuildPhase section */

/* Begin PBXGroup section */
		22505D5470829C64AADA1498 /* Pods */ = {
			isa = PBXGroup;
			children = (
				96AA388A2A55E274CCB23400 /* Pods-VVHelperKit.debug.xcconfig */,
				309DBF5DBAEF71C435969AA9 /* Pods-VVHelperKit.release.xcconfig */,
			);
			name = Pods;
			sourceTree = "<group>";
		};
		6C0A41AABDDAA3BA4CF4E775 /* Frameworks */ = {
			isa = PBXGroup;
			children = (
				8495828CB5C370854B2F2EDF /* libPods-VVHelperKit.a */,
			);
			name = Frameworks;
			sourceTree = "<group>";
		};
		A0BF486F1DDD777A00934983 = {
			isa = PBXGroup;
			children = (
				A0BF487A1DDD777A00934983 /* VVHelperKit */,
				A0BF48791DDD777A00934983 /* Products */,
				22505D5470829C64AADA1498 /* Pods */,
				6C0A41AABDDAA3BA4CF4E775 /* Frameworks */,
			);
			sourceTree = "<group>";
		};
		A0BF48791DDD777A00934983 /* Products */ = {
			isa = PBXGroup;
			children = (
				A0BF48781DDD777A00934983 /* VVHelperKit.app */,
			);
			name = Products;
			sourceTree = "<group>";
		};
		A0BF487A1DDD777A00934983 /* VVHelperKit */ = {
			isa = PBXGroup;
			children = (
				A0BF48941DDD795F00934983 /* VVHelpKitSource */,
				A0BF487E1DDD777A00934983 /* AppDelegate.h */,
				A0BF487F1DDD777A00934983 /* AppDelegate.m */,
				A0BF48A61DDDABF400934983 /* OperaationViewController.h */,
				A0BF48A71DDDABF400934983 /* OperaationViewController.m */,
				A0BF48A81DDDABF400934983 /* OperaationViewController.xib */,
				A0BF48AB1DDDAC1A00934983 /* GCDViewController.h */,
				A0BF48AC1DDDAC1A00934983 /* GCDViewController.m */,
				A0BF48AD1DDDAC1A00934983 /* GCDViewController.xib */,
				A0BF48811DDD777A00934983 /* ViewController.h */,
				A0BF48821DDD777A00934983 /* ViewController.m */,
				A0BF48841DDD777A00934983 /* Main.storyboard */,
				A0BF48871DDD777A00934983 /* Assets.xcassets */,
				A0BF48891DDD777A00934983 /* LaunchScreen.storyboard */,
				A0BF488C1DDD777A00934983 /* Info.plist */,
				A0BF487B1DDD777A00934983 /* Supporting Files */,
			);
			path = VVHelperKit;
			sourceTree = "<group>";
		};
		A0BF487B1DDD777A00934983 /* Supporting Files */ = {
			isa = PBXGroup;
			children = (
				A0BF487C1DDD777A00934983 /* main.m */,
			);
			name = "Supporting Files";
			sourceTree = "<group>";
		};
		A0BF48941DDD795F00934983 /* VVHelpKitSource */ = {
			isa = PBXGroup;
			children = (
				A0BF48A11DDD8A1E00934983 /* VVHelperKit.h */,
				A0BF48951DDD799200934983 /* CommonKit */,
			);
			path = VVHelpKitSource;
			sourceTree = "<group>";
		};
		A0BF48951DDD799200934983 /* CommonKit */ = {
			isa = PBXGroup;
			children = (
				A0BF48961DDD79BE00934983 /* VVCommonKit.h */,
				A0BF48971DDD79BE00934983 /* VVCommonKit.m */,
			);
			path = CommonKit;
			sourceTree = "<group>";
		};
/* End PBXGroup section */

/* Begin PBXNativeTarget section */
		A0BF48771DDD777A00934983 /* VVHelperKit */ = {
			isa = PBXNativeTarget;
			buildConfigurationList = A0BF488F1DDD777A00934983 /* Build configuration list for PBXNativeTarget "VVHelperKit" */;
			buildPhases = (
				38A9629ABAAAA027E56EEA0A /* 📦 Check Pods Manifest.lock */,
				A0BF48741DDD777A00934983 /* Sources */,
				A0BF48751DDD777A00934983 /* Frameworks */,
				A0BF48761DDD777A00934983 /* Resources */,
				0F05D6F048310A2686193510 /* 📦 Embed Pods Frameworks */,
				32C26EDBA0C14E203040C270 /* 📦 Copy Pods Resources */,
			);
			buildRules = (
			);
			dependencies = (
			);
			name = VVHelperKit;
			productName = VVHelperKit;
			productReference = A0BF48781DDD777A00934983 /* VVHelperKit.app */;
			productType = "com.apple.product-type.application";
		};
/* End PBXNativeTarget section */

/* Begin PBXProject section */
		A0BF48701DDD777A00934983 /* Project object */ = {
			isa = PBXProject;
			attributes = {
				CLASSPREFIX = VV;
				LastUpgradeCheck = 0810;
				ORGANIZATIONNAME = Vivi;
				TargetAttributes = {
					A0BF48771DDD777A00934983 = {
						CreatedOnToolsVersion = 8.1;
						DevelopmentTeam = RCN4MELDH7;
						ProvisioningStyle = Automatic;
					};
				};
			};
			buildConfigurationList = A0BF48731DDD777A00934983 /* Build configuration list for PBXProject "VVHelperKit" */;
			compatibilityVersion = "Xcode 3.2";
			developmentRegion = English;
			hasScannedForEncodings = 0;
			knownRegions = (
				en,
				Base,
			);
			mainGroup = A0BF486F1DDD777A00934983;
			productRefGroup = A0BF48791DDD777A00934983 /* Products */;
			projectDirPath = "";
			projectRoot = "";
			targets = (
				A0BF48771DDD777A00934983 /* VVHelperKit */,
			);
		};
/* End PBXProject section */

/* Begin PBXResourcesBuildPhase section */
		A0BF48761DDD777A00934983 /* Resources */ = {
			isa = PBXResourcesBuildPhase;
			buildActionMask = 2147483647;
			files = (
				A0BF488B1DDD777A00934983 /* LaunchScreen.storyboard in Resources */,
				A0BF48881DDD777A00934983 /* Assets.xcassets in Resources */,
				A0BF48AA1DDDABF400934983 /* OperaationViewController.xib in Resources */,
				A0BF48861DDD777A00934983 /* Main.storyboard in Resources */,
				A0BF48AF1DDDAC1A00934983 /* GCDViewController.xib in Resources */,
			);
			runOnlyForDeploymentPostprocessing = 0;
		};
/* End PBXResourcesBuildPhase section */

/* Begin PBXShellScriptBuildPhase section */
		0F05D6F048310A2686193510 /* 📦 Embed Pods Frameworks */ = {
			isa = PBXShellScriptBuildPhase;
			buildActionMask = 2147483647;
			files = (
			);
			inputPaths = (
			);
			name = "📦 Embed Pods Frameworks";
			outputPaths = (
			);
			runOnlyForDeploymentPostprocessing = 0;
			shellPath = /bin/sh;
			shellScript = "\"${SRCROOT}/Pods/Target Support Files/Pods-VVHelperKit/Pods-VVHelperKit-frameworks.sh\"\n";
			showEnvVarsInLog = 0;
		};
		32C26EDBA0C14E203040C270 /* 📦 Copy Pods Resources */ = {
			isa = PBXShellScriptBuildPhase;
			buildActionMask = 2147483647;
			files = (
			);
			inputPaths = (
			);
			name = "📦 Copy Pods Resources";
			outputPaths = (
			);
			runOnlyForDeploymentPostprocessing = 0;
			shellPath = /bin/sh;
			shellScript = "\"${SRCROOT}/Pods/Target Support Files/Pods-VVHelperKit/Pods-VVHelperKit-resources.sh\"\n";
			showEnvVarsInLog = 0;
		};
		38A9629ABAAAA027E56EEA0A /* 📦 Check Pods Manifest.lock */ = {
			isa = PBXShellScriptBuildPhase;
			buildActionMask = 2147483647;
			files = (
			);
			inputPaths = (
			);
			name = "📦 Check Pods Manifest.lock";
			outputPaths = (
			);
			runOnlyForDeploymentPostprocessing = 0;
			shellPath = /bin/sh;
			shellScript = "diff \"${PODS_ROOT}/../Podfile.lock\" \"${PODS_ROOT}/Manifest.lock\" > /dev/null\nif [[ $? != 0 ]] ; then\n    cat << EOM\nerror: The sandbox is not in sync with the Podfile.lock. Run 'pod install' or update your CocoaPods installation.\nEOM\n    exit 1\nfi\n";
			showEnvVarsInLog = 0;
		};
/* End PBXShellScriptBuildPhase section */

/* Begin PBXSourcesBuildPhase section */
		A0BF48741DDD777A00934983 /* Sources */ = {
			isa = PBXSourcesBuildPhase;
			buildActionMask = 2147483647;
			files = (
				A0BF48831DDD777A00934983 /* ViewController.m in Sources */,
				A0BF48AE1DDDAC1A00934983 /* GCDViewController.m in Sources */,
				A0BF48981DDD79BE00934983 /* VVCommonKit.m in Sources */,
				A0BF48801DDD777A00934983 /* AppDelegate.m in Sources */,
				A0BF48A91DDDABF400934983 /* OperaationViewController.m in Sources */,
				A0BF487D1DDD777A00934983 /* main.m in Sources */,
			);
			runOnlyForDeploymentPostprocessing = 0;
		};
/* End PBXSourcesBuildPhase section */

/* Begin PBXVariantGroup section */
		A0BF48841DDD777A00934983 /* Main.storyboard */ = {
			isa = PBXVariantGroup;
			children = (
				A0BF48851DDD777A00934983 /* Base */,
			);
			name = Main.storyboard;
			sourceTree = "<group>";
		};
		A0BF48891DDD777A00934983 /* LaunchScreen.storyboard */ = {
			isa = PBXVariantGroup;
			children = (
				A0BF488A1DDD777A00934983 /* Base */,
			);
			name = LaunchScreen.storyboard;
			sourceTree = "<group>";
		};
/* End PBXVariantGroup section */

/* Begin XCBuildConfiguration section */
		A0BF488D1DDD777A00934983 /* Debug */ = {
			isa = XCBuildConfiguration;
			buildSettings = {
				ALWAYS_SEARCH_USER_PATHS = NO;
				CLANG_ANALYZER_NONNULL = YES;
				CLANG_CXX_LANGUAGE_STANDARD = "gnu++0x";
				CLANG_CXX_LIBRARY = "libc++";
				CLANG_ENABLE_MODULES = YES;
				CLANG_ENABLE_OBJC_ARC = YES;
				CLANG_WARN_BOOL_CONVERSION = YES;
				CLANG_WARN_CONSTANT_CONVERSION = YES;
				CLANG_WARN_DIRECT_OBJC_ISA_USAGE = YES_ERROR;
				CLANG_WARN_DOCUMENTATION_COMMENTS = YES;
				CLANG_WARN_EMPTY_BODY = YES;
				CLANG_WARN_ENUM_CONVERSION = YES;
				CLANG_WARN_INFINITE_RECURSION = YES;
				CLANG_WARN_INT_CONVERSION = YES;
				CLANG_WARN_OBJC_ROOT_CLASS = YES_ERROR;
				CLANG_WARN_SUSPICIOUS_MOVES = YES;
				CLANG_WARN_UNREACHABLE_CODE = YES;
				CLANG_WARN__DUPLICATE_METHOD_MATCH = YES;
				"CODE_SIGN_IDENTITY[sdk=iphoneos*]" = "iPhone Developer";
				COPY_PHASE_STRIP = NO;
				DEBUG_INFORMATION_FORMAT = dwarf;
				ENABLE_STRICT_OBJC_MSGSEND = YES;
				ENABLE_TESTABILITY = YES;
				GCC_C_LANGUAGE_STANDARD = gnu99;
				GCC_DYNAMIC_NO_PIC = NO;
				GCC_NO_COMMON_BLOCKS = YES;
				GCC_OPTIMIZATION_LEVEL = 0;
				GCC_PREPROCESSOR_DEFINITIONS = (
					"DEBUG=1",
					"$(inherited)",
				);
				GCC_WARN_64_TO_32_BIT_CONVERSION = YES;
				GCC_WARN_ABOUT_RETURN_TYPE = YES_ERROR;
				GCC_WARN_UNDECLARED_SELECTOR = YES;
				GCC_WARN_UNINITIALIZED_AUTOS = YES_AGGRESSIVE;
				GCC_WARN_UNUSED_FUNCTION = YES;
				GCC_WARN_UNUSED_VARIABLE = YES;
				IPHONEOS_DEPLOYMENT_TARGET = 10.1;
				MTL_ENABLE_DEBUG_INFO = YES;
				ONLY_ACTIVE_ARCH = YES;
				SDKROOT = iphoneos;
			};
			name = Debug;
		};
		A0BF488E1DDD777A00934983 /* Release */ = {
			isa = XCBuildConfiguration;
			buildSettings = {
				ALWAYS_SEARCH_USER_PATHS = NO;
				CLANG_ANALYZER_NONNULL = YES;
				CLANG_CXX_LANGUAGE_STANDARD = "gnu++0x";
				CLANG_CXX_LIBRARY = "libc++";
				CLANG_ENABLE_MODULES = YES;
				CLANG_ENABLE_OBJC_ARC = YES;
				CLANG_WARN_BOOL_CONVERSION = YES;
				CLANG_WARN_CONSTANT_CONVERSION = YES;
				CLANG_WARN_DIRECT_OBJC_ISA_USAGE = YES_ERROR;
				CLANG_WARN_DOCUMENTATION_COMMENTS = YES;
				CLANG_WARN_EMPTY_BODY = YES;
				CLANG_WARN_ENUM_CONVERSION = YES;
				CLANG_WARN_INFINITE_RECURSION = YES;
				CLANG_WARN_INT_CONVERSION = YES;
				CLANG_WARN_OBJC_ROOT_CLASS = YES_ERROR;
				CLANG_WARN_SUSPICIOUS_MOVES = YES;
				CLANG_WARN_UNREACHABLE_CODE = YES;
				CLANG_WARN__DUPLICATE_METHOD_MATCH = YES;
				"CODE_SIGN_IDENTITY[sdk=iphoneos*]" = "iPhone Developer";
				COPY_PHASE_STRIP = NO;
				DEBUG_INFORMATION_FORMAT = "dwarf-with-dsym";
				ENABLE_NS_ASSERTIONS = NO;
				ENABLE_STRICT_OBJC_MSGSEND = YES;
				GCC_C_LANGUAGE_STANDARD = gnu99;
				GCC_NO_COMMON_BLOCKS = YES;
				GCC_WARN_64_TO_32_BIT_CONVERSION = YES;
				GCC_WARN_ABOUT_RETURN_TYPE = YES_ERROR;
				GCC_WARN_UNDECLARED_SELECTOR = YES;
				GCC_WARN_UNINITIALIZED_AUTOS = YES_AGGRESSIVE;
				GCC_WARN_UNUSED_FUNCTION = YES;
				GCC_WARN_UNUSED_VARIABLE = YES;
				IPHONEOS_DEPLOYMENT_TARGET = 10.1;
				MTL_ENABLE_DEBUG_INFO = NO;
				SDKROOT = iphoneos;
				VALIDATE_PRODUCT = YES;
			};
			name = Release;
		};
		A0BF48901DDD777A00934983 /* Debug */ = {
			isa = XCBuildConfiguration;
			baseConfigurationReference = 96AA388A2A55E274CCB23400 /* Pods-VVHelperKit.debug.xcconfig */;
			buildSettings = {
				ASSETCATALOG_COMPILER_APPICON_NAME = AppIcon;
				DEVELOPMENT_TEAM = RCN4MELDH7;
				INFOPLIST_FILE = VVHelperKit/Info.plist;
				LD_RUNPATH_SEARCH_PATHS = "$(inherited) @executable_path/Frameworks";
				PRODUCT_BUNDLE_IDENTIFIER = com.Vivi.VVHelperKit;
				PRODUCT_NAME = "$(TARGET_NAME)";
			};
			name = Debug;
		};
		A0BF48911DDD777A00934983 /* Release */ = {
			isa = XCBuildConfiguration;
			baseConfigurationReference = 309DBF5DBAEF71C435969AA9 /* Pods-VVHelperKit.release.xcconfig */;
			buildSettings = {
				ASSETCATALOG_COMPILER_APPICON_NAME = AppIcon;
				DEVELOPMENT_TEAM = RCN4MELDH7;
				INFOPLIST_FILE = VVHelperKit/Info.plist;
				LD_RUNPATH_SEARCH_PATHS = "$(inherited) @executable_path/Frameworks";
				PRODUCT_BUNDLE_IDENTIFIER = com.Vivi.VVHelperKit;
				PRODUCT_NAME = "$(TARGET_NAME)";
			};
			name = Release;
		};
/* End XCBuildConfiguration section */

/* Begin XCConfigurationList section */
		A0BF48731DDD777A00934983 /* Build configuration list for PBXProject "VVHelperKit" */ = {
			isa = XCConfigurationList;
			buildConfigurations = (
				A0BF488D1DDD777A00934983 /* Debug */,
				A0BF488E1DDD777A00934983 /* Release */,
			);
			defaultConfigurationIsVisible = 0;
			defaultConfigurationName = Release;
		};
		A0BF488F1DDD777A00934983 /* Build configuration list for PBXNativeTarget "VVHelperKit" */ = {
			isa = XCConfigurationList;
			buildConfigurations = (
				A0BF48901DDD777A00934983 /* Debug */,
				A0BF48911DDD777A00934983 /* Release */,
			);
			defaultConfigurationIsVisible = 0;
			defaultConfigurationName = Release;
		};
/* End XCConfigurationList section */
	};
	rootObject = A0BF48701DDD777A00934983 /* Project object */;
}
